
Microsoft Visual Studio Solution File, Format Version 12.00
# Visual Studio Version 17
VisualStudioVersion = 17.3.32901.215
MinimumVisualStudioVersion = 10.0.40219.1
Project("{FAE04EC0-301F-11D3-BF4B-00C04F79EFBC}") = "APIV2.Mark", "APIV2.Mark\APIV2.Mark.csproj", "{D9EFF81E-36BC-4E34-9EE0-8CBC3D3E32BD}"
EndProject
Project("{FAE04EC0-301F-11D3-BF4B-00C04F79EFBC}") = "APIV2.Mark.Database", "APIV2.Mark.Database\APIV2.Mark.Database.csproj", "{87097C47-11CE-4670-BDB7-F981E5AC1F95}"
EndProject
Project("{FAE04EC0-301F-11D3-BF4B-00C04F79EFBC}") = "APIV2.Mark.Business", "APIV2.Mark.Business\APIV2.Mark.Business.csproj", "{8E2C7835-21AD-4CC6-A772-882AF396E9F3}"
EndProject
Project("{FAE04EC0-301F-11D3-BF4B-00C04F79EFBC}") = "APIV2.Mark.Entities", "APIV2.Mark.Entities\APIV2.Mark.Entities.csproj", "{AECFEA46-1DB2-48C1-A721-2ECFE2910674}"
EndProject
Global
	GlobalSection(SolutionConfigurationPlatforms) = preSolution
		Debug|Any CPU = Debug|Any CPU
		Release|Any CPU = Release|Any CPU
	EndGlobalSection
	GlobalSection(ProjectConfigurationPlatforms) = postSolution
		{D9EFF81E-36BC-4E34-9EE0-8CBC3D3E32BD}.Debug|Any CPU.ActiveCfg = Debug|Any CPU
		{D9EFF81E-36BC-4E34-9EE0-8CBC3D3E32BD}.Debug|Any CPU.Build.0 = Debug|Any CPU
		{D9EFF81E-36BC-4E34-9EE0-8CBC3D3E32BD}.Release|Any CPU.ActiveCfg = Release|Any CPU
		{D9EFF81E-36BC-4E34-9EE0-8CBC3D3E32BD}.Release|Any CPU.Build.0 = Release|Any CPU
		{87097C47-11CE-4670-BDB7-F981E5AC1F95}.Debug|Any CPU.ActiveCfg = Debug|Any CPU
		{87097C47-11CE-4670-BDB7-F981E5AC1F95}.Debug|Any CPU.Build.0 = Debug|Any CPU
		{87097C47-11CE-4670-BDB7-F981E5AC1F95}.Release|Any CPU.ActiveCfg = Release|Any CPU
		{87097C47-11CE-4670-BDB7-F981E5AC1F95}.Release|Any CPU.Build.0 = Release|Any CPU
		{8E2C7835-21AD-4CC6-A772-882AF396E9F3}.Debug|Any CPU.ActiveCfg = Debug|Any CPU
		{8E2C7835-21AD-4CC6-A772-882AF396E9F3}.Debug|Any CPU.Build.0 = Debug|Any CPU
		{8E2C7835-21AD-4CC6-A772-882AF396E9F3}.Release|Any CPU.ActiveCfg = Release|Any CPU
		{8E2C7835-21AD-4CC6-A772-882AF396E9F3}.Release|Any CPU.Build.0 = Release|Any CPU
		{AECFEA46-1DB2-48C1-A721-2ECFE2910674}.Debug|Any CPU.ActiveCfg = Debug|Any CPU
		{AECFEA46-1DB2-48C1-A721-2ECFE2910674}.Debug|Any CPU.Build.0 = Debug|Any CPU
		{AECFEA46-1DB2-48C1-A721-2ECFE2910674}.Release|Any CPU.ActiveCfg = Release|Any CPU
		{AECFEA46-1DB2-48C1-A721-2ECFE2910674}.Release|Any CPU.Build.0 = Release|Any CPU
	EndGlobalSection
	GlobalSection(SolutionProperties) = preSolution
		HideSolutionNode = FALSE
	EndGlobalSection
	GlobalSection(ExtensibilityGlobals) = postSolution
		SolutionGuid = {62926DDA-F802-4704-B1FC-F51F6CC19542}
	EndGlobalSection
EndGlobal
